
Microsoft Visual Studio Solution File, Format Version 12.00
# Visual Studio Version 17
VisualStudioVersion = 17.10.34916.146
MinimumVisualStudioVersion = 10.0.40219.1
Project("{9A19103F-16F7-4668-BE54-9A1E7A4F7556}") = "eShop.Data", "eShop.Data\eShop.Data.csproj", "{1E64C416-46B4-4F09-A726-5D1C87E14D56}"
EndProject
Project("{9A19103F-16F7-4668-BE54-9A1E7A4F7556}") = "eShop.Service", "eShop.Service\eShop.Service.csproj", "{035A9927-D0DC-4E7A-A57C-C6F6C7DDF7DE}"
EndProject
Project("{9A19103F-16F7-4668-BE54-9A1E7A4F7556}") = "eShop.Utilities", "eShop.Utilities\eShop.Utilities.csproj", "{EC320D83-740A-48D4-A62C-23FCB6E18584}"
EndProject
Project("{9A19103F-16F7-4668-BE54-9A1E7A4F7556}") = "eShop.ViewModels", "eShop.ViewModels\eShop.ViewModels.csproj", "{F0D63EF7-6C37-4EC4-814F-5DC3851A00A1}"
EndProject
Project("{FAE04EC0-301F-11D3-BF4B-00C04F79EFBC}") = "eShop.API", "eShop.API\eShop.API.csproj", "{E6C36218-AA8A-4699-BEAF-D86391E928CD}"
EndProject
Global
	GlobalSection(SolutionConfigurationPlatforms) = preSolution
		Debug|Any CPU = Debug|Any CPU
		Release|Any CPU = Release|Any CPU
	EndGlobalSection
	GlobalSection(ProjectConfigurationPlatforms) = postSolution
		{1E64C416-46B4-4F09-A726-5D1C87E14D56}.Debug|Any CPU.ActiveCfg = Debug|Any CPU
		{1E64C416-46B4-4F09-A726-5D1C87E14D56}.Debug|Any CPU.Build.0 = Debug|Any CPU
		{1E64C416-46B4-4F09-A726-5D1C87E14D56}.Release|Any CPU.ActiveCfg = Release|Any CPU
		{1E64C416-46B4-4F09-A726-5D1C87E14D56}.Release|Any CPU.Build.0 = Release|Any CPU
		{035A9927-D0DC-4E7A-A57C-C6F6C7DDF7DE}.Debug|Any CPU.ActiveCfg = Debug|Any CPU
		{035A9927-D0DC-4E7A-A57C-C6F6C7DDF7DE}.Debug|Any CPU.Build.0 = Debug|Any CPU
		{035A9927-D0DC-4E7A-A57C-C6F6C7DDF7DE}.Release|Any CPU.ActiveCfg = Release|Any CPU
		{035A9927-D0DC-4E7A-A57C-C6F6C7DDF7DE}.Release|Any CPU.Build.0 = Release|Any CPU
		{EC320D83-740A-48D4-A62C-23FCB6E18584}.Debug|Any CPU.ActiveCfg = Debug|Any CPU
		{EC320D83-740A-48D4-A62C-23FCB6E18584}.Debug|Any CPU.Build.0 = Debug|Any CPU
		{EC320D83-740A-48D4-A62C-23FCB6E18584}.Release|Any CPU.ActiveCfg = Release|Any CPU
		{EC320D83-740A-48D4-A62C-23FCB6E18584}.Release|Any CPU.Build.0 = Release|Any CPU
		{F0D63EF7-6C37-4EC4-814F-5DC3851A00A1}.Debug|Any CPU.ActiveCfg = Debug|Any CPU
		{F0D63EF7-6C37-4EC4-814F-5DC3851A00A1}.Debug|Any CPU.Build.0 = Debug|Any CPU
		{F0D63EF7-6C37-4EC4-814F-5DC3851A00A1}.Release|Any CPU.ActiveCfg = Release|Any CPU
		{F0D63EF7-6C37-4EC4-814F-5DC3851A00A1}.Release|Any CPU.Build.0 = Release|Any CPU
		{E6C36218-AA8A-4699-BEAF-D86391E928CD}.Debug|Any CPU.ActiveCfg = Debug|Any CPU
		{E6C36218-AA8A-4699-BEAF-D86391E928CD}.Debug|Any CPU.Build.0 = Debug|Any CPU
		{E6C36218-AA8A-4699-BEAF-D86391E928CD}.Release|Any CPU.ActiveCfg = Release|Any CPU
		{E6C36218-AA8A-4699-BEAF-D86391E928CD}.Release|Any CPU.Build.0 = Release|Any CPU
	EndGlobalSection
	GlobalSection(SolutionProperties) = preSolution
		HideSolutionNode = FALSE
	EndGlobalSection
	GlobalSection(ExtensibilityGlobals) = postSolution
		SolutionGuid = {8F90E8EA-14F7-4BF1-9F51-09EB4699C941}
	EndGlobalSection
EndGlobal
